
Microsoft Visual Studio Solution File, Format Version 12.00
# Visual Studio Version 16
VisualStudioVersion = 16.0.31105.61
MinimumVisualStudioVersion = 10.0.40219.1
Project("{FAE04EC0-301F-11D3-BF4B-00C04F79EFBC}") = "TASKMANAGER21", "TASKMANAGER21\TASKMANAGER21.csproj", "{A522422D-289D-4AE6-9B2D-0E8F677921A3}"
EndProject
Global
	GlobalSection(SolutionConfigurationPlatforms) = preSolution
		Debug|Any CPU = Debug|Any CPU
		Release|Any CPU = Release|Any CPU
	EndGlobalSection
	GlobalSection(ProjectConfigurationPlatforms) = postSolution
		{A522422D-289D-4AE6-9B2D-0E8F677921A3}.Debug|Any CPU.ActiveCfg = Debug|Any CPU
		{A522422D-289D-4AE6-9B2D-0E8F677921A3}.Debug|Any CPU.Build.0 = Debug|Any CPU
		{A522422D-289D-4AE6-9B2D-0E8F677921A3}.Release|Any CPU.ActiveCfg = Release|Any CPU
		{A522422D-289D-4AE6-9B2D-0E8F677921A3}.Release|Any CPU.Build.0 = Release|Any CPU
	EndGlobalSection
	GlobalSection(SolutionProperties) = preSolution
		HideSolutionNode = FALSE
	EndGlobalSection
	GlobalSection(ExtensibilityGlobals) = postSolution
		SolutionGuid = {DAD42528-6267-4D3C-86B8-ADA105377CD1}
	EndGlobalSection
EndGlobal
